
Microsoft Visual Studio Solution File, Format Version 12.00
# Visual Studio Version 16
VisualStudioVersion = 16.0.29613.14
MinimumVisualStudioVersion = 10.0.40219.1
Project("{FAE04EC0-301F-11D3-BF4B-00C04F79EFBC}") = "ImageEditor", "ImageEditor\ImageEditor.csproj", "{BD1864DF-624A-4909-9FB9-0FB8A0D0890E}"
EndProject
Global
	GlobalSection(SolutionConfigurationPlatforms) = preSolution
		Debug|Any CPU = Debug|Any CPU
		Release|Any CPU = Release|Any CPU
	EndGlobalSection
	GlobalSection(ProjectConfigurationPlatforms) = postSolution
		{BD1864DF-624A-4909-9FB9-0FB8A0D0890E}.Debug|Any CPU.ActiveCfg = Debug|Any CPU
		{BD1864DF-624A-4909-9FB9-0FB8A0D0890E}.Debug|Any CPU.Build.0 = Debug|Any CPU
		{BD1864DF-624A-4909-9FB9-0FB8A0D0890E}.Release|Any CPU.ActiveCfg = Release|Any CPU
		{BD1864DF-624A-4909-9FB9-0FB8A0D0890E}.Release|Any CPU.Build.0 = Release|Any CPU
	EndGlobalSection
	GlobalSection(SolutionProperties) = preSolution
		HideSolutionNode = FALSE
	EndGlobalSection
	GlobalSection(ExtensibilityGlobals) = postSolution
		SolutionGuid = {BBDEFF5D-80FF-4CF3-8D5E-545310E981BD}
	EndGlobalSection
EndGlobal
